GIT
  remote: https://github.com/ybiquitous/aufgaben
  revision: b17a163477d532a5be8f834f95e069bb8d9532c6
  tag: 0.7.0
  specs:
    aufgaben (0.7.0)

GEM
  remote: https://rubygems.org/
  specs:
    dotenv (2.7.6)
    rake (13.0.3)

PLATFORMS
  ruby

DEPENDENCIES
  aufgaben!
  bundler (= 2.2.15)
  dotenv
  rake

BUNDLED WITH
   2.2.15
